// !$*UTF8*$!
{
	archiveVersion = 1;
	classes = {
	};
	objectVersion = 46;
	objects = {

/* Begin PBXBuildFile section */
		942D57101C62ECF100AD50DA /* Second.storyboard in Resources */ = {isa = PBXBuildFile; fileRef = 942D570F1C62ECF100AD50DA /* Second.storyboard */; };
		942D57121C630CAF00AD50DA /* Third.storyboard in Resources */ = {isa = PBXBuildFile; fileRef = 942D57111C630CAF00AD50DA /* Third.storyboard */; };
		944E9A3A1C62E42100F12998 /* AppDelegate.swift in Sources */ = {isa = PBXBuildFile; fileRef = 944E9A391C62E42100F12998 /* AppDelegate.swift */; };
		944E9A3C1C62E42100F12998 /* UI.swift in Sources */ = {isa = PBXBuildFile; fileRef = 944E9A3B1C62E42100F12998 /* UI.swift */; };
		944E9A3F1C62E42100F12998 /* Main.storyboard in Resources */ = {isa = PBXBuildFile; fileRef = 944E9A3D1C62E42100F12998 /* Main.storyboard */; };
		944E9A411C62E42100F12998 /* Assets.xcassets in Resources */ = {isa = PBXBuildFile; fileRef = 944E9A401C62E42100F12998 /* Assets.xcassets */; };
		944E9A441C62E42100F12998 /* LaunchScreen.storyboard in Resources */ = {isa = PBXBuildFile; fileRef = 944E9A421C62E42100F12998 /* LaunchScreen.storyboard */; };
		944E9A4F1C62E4DB00F12998 /* SBHMain.swift in Sources */ = {isa = PBXBuildFile; fileRef = 944E9A4E1C62E4DB00F12998 /* SBHMain.swift */; };
/* End PBXBuildFile section */

/* Begin PBXFileReference section */
		942D570F1C62ECF100AD50DA /* Second.storyboard */ = {isa = PBXFileReference; fileEncoding = 4; lastKnownFileType = file.storyboard; path = Second.storyboard; sourceTree = "<group>"; };
		942D57111C630CAF00AD50DA /* Third.storyboard */ = {isa = PBXFileReference; fileEncoding = 4; lastKnownFileType = file.storyboard; path = Third.storyboard; sourceTree = "<group>"; };
		944E9A361C62E42100F12998 /* MKHStoryboardHelpers.app */ = {isa = PBXFileReference; explicitFileType = wrapper.application; includeInIndex = 0; path = MKHStoryboardHelpers.app; sourceTree = BUILT_PRODUCTS_DIR; };
		944E9A391C62E42100F12998 /* AppDelegate.swift */ = {isa = PBXFileReference; lastKnownFileType = sourcecode.swift; path = AppDelegate.swift; sourceTree = "<group>"; };
		944E9A3B1C62E42100F12998 /* UI.swift */ = {isa = PBXFileReference; lastKnownFileType = sourcecode.swift; path = UI.swift; sourceTree = "<group>"; };
		944E9A3E1C62E42100F12998 /* Base */ = {isa = PBXFileReference; lastKnownFileType = file.storyboard; name = Base; path = Base.lproj/Main.storyboard; sourceTree = "<group>"; };
		944E9A401C62E42100F12998 /* Assets.xcassets */ = {isa = PBXFileReference; lastKnownFileType = folder.assetcatalog; path = Assets.xcassets; sourceTree = "<group>"; };
		944E9A431C62E42100F12998 /* Base */ = {isa = PBXFileReference; lastKnownFileType = file.storyboard; name = Base; path = Base.lproj/LaunchScreen.storyboard; sourceTree = "<group>"; };
		944E9A451C62E42100F12998 /* Info.plist */ = {isa = PBXFileReference; lastKnownFileType = text.plist.xml; path = Info.plist; sourceTree = "<group>"; };
		944E9A4E1C62E4DB00F12998 /* SBHMain.swift */ = {isa = PBXFileReference; fileEncoding = 4; lastKnownFileType = sourcecode.swift; path = SBHMain.swift; sourceTree = "<group>"; };
/* End PBXFileReference section */

/* Begin PBXFrameworksBuildPhase section */
		944E9A331C62E42100F12998 /* Frameworks */ = {
			isa = PBXFrameworksBuildPhase;
			buildActionMask = 2147483647;
			files = (
			);
			runOnlyForDeploymentPostprocessing = 0;
		};
/* End PBXFrameworksBuildPhase section */

/* Begin PBXGroup section */
		944E9A2D1C62E42100F12998 = {
			isa = PBXGroup;
			children = (
				944E9A4D1C62E4DB00F12998 /* Lib */,
				944E9A381C62E42100F12998 /* MKHStoryboardHelpers */,
				944E9A371C62E42100F12998 /* Products */,
			);
			sourceTree = "<group>";
		};
		944E9A371C62E42100F12998 /* Products */ = {
			isa = PBXGroup;
			children = (
				944E9A361C62E42100F12998 /* MKHStoryboardHelpers.app */,
			);
			name = Products;
			sourceTree = "<group>";
		};
		944E9A381C62E42100F12998 /* MKHStoryboardHelpers */ = {
			isa = PBXGroup;
			children = (
				944E9A391C62E42100F12998 /* AppDelegate.swift */,
				944E9A3B1C62E42100F12998 /* UI.swift */,
				944E9A3D1C62E42100F12998 /* Main.storyboard */,
				942D570F1C62ECF100AD50DA /* Second.storyboard */,
				942D57111C630CAF00AD50DA /* Third.storyboard */,
				944E9A401C62E42100F12998 /* Assets.xcassets */,
				944E9A421C62E42100F12998 /* LaunchScreen.storyboard */,
				944E9A451C62E42100F12998 /* Info.plist */,
			);
			path = MKHStoryboardHelpers;
			sourceTree = "<group>";
		};
		944E9A4D1C62E4DB00F12998 /* Lib */ = {
			isa = PBXGroup;
			children = (
				944E9A4E1C62E4DB00F12998 /* SBHMain.swift */,
			);
			name = Lib;
			path = ../../Src/iOS;
			sourceTree = "<group>";
		};
/* End PBXGroup section */

/* Begin PBXNativeTarget section */
		944E9A351C62E42100F12998 /* MKHStoryboardHelpers */ = {
			isa = PBXNativeTarget;
			buildConfigurationList = 944E9A481C62E42100F12998 /* Build configuration list for PBXNativeTarget "MKHStoryboardHelpers" */;
			buildPhases = (
				944E9A321C62E42100F12998 /* Sources */,
				944E9A331C62E42100F12998 /* Frameworks */,
				944E9A341C62E42100F12998 /* Resources */,
			);
			buildRules = (
			);
			dependencies = (
			);
			name = MKHStoryboardHelpers;
			productName = MKHStoryboardHelpers;
			productReference = 944E9A361C62E42100F12998 /* MKHStoryboardHelpers.app */;
			productType = "com.apple.product-type.application";
		};
/* End PBXNativeTarget section */

/* Begin PBXProject section */
		944E9A2E1C62E42100F12998 /* Project object */ = {
			isa = PBXProject;
			attributes = {
				LastSwiftUpdateCheck = 0720;
				LastUpgradeCheck = 0800;
				ORGANIZATIONNAME = "Maxim Khatskevich";
				TargetAttributes = {
					944E9A351C62E42100F12998 = {
						CreatedOnToolsVersion = 7.2;
						LastSwiftMigration = 0800;
					};
				};
			};
			buildConfigurationList = 944E9A311C62E42100F12998 /* Build configuration list for PBXProject "MKHStoryboardHelpers" */;
			compatibilityVersion = "Xcode 3.2";
			developmentRegion = English;
			hasScannedForEncodings = 0;
			knownRegions = (
				en,
				Base,
			);
			mainGroup = 944E9A2D1C62E42100F12998;
			productRefGroup = 944E9A371C62E42100F12998 /* Products */;
			projectDirPath = "";
			projectRoot = "";
			targets = (
				944E9A351C62E42100F12998 /* MKHStoryboardHelpers */,
			);
		};
/* End PBXProject section */

/* Begin PBXResourcesBuildPhase section */
		944E9A341C62E42100F12998 /* Resources */ = {
			isa = PBXResourcesBuildPhase;
			buildActionMask = 2147483647;
			files = (
				942D57101C62ECF100AD50DA /* Second.storyboard in Resources */,
				944E9A441C62E42100F12998 /* LaunchScreen.storyboard in Resources */,
				944E9A411C62E42100F12998 /* Assets.xcassets in Resources */,
				944E9A3F1C62E42100F12998 /* Main.storyboard in Resources */,
				942D57121C630CAF00AD50DA /* Third.storyboard in Resources */,
			);
			runOnlyForDeploymentPostprocessing = 0;
		};
/* End PBXResourcesBuildPhase section */

/* Begin PBXSourcesBuildPhase section */
		944E9A321C62E42100F12998 /* Sources */ = {
			isa = PBXSourcesBuildPhase;
			buildActionMask = 2147483647;
			files = (
				944E9A3C1C62E42100F12998 /* UI.swift in Sources */,
				944E9A4F1C62E4DB00F12998 /* SBHMain.swift in Sources */,
				944E9A3A1C62E42100F12998 /* AppDelegate.swift in Sources */,
			);
			runOnlyForDeploymentPostprocessing = 0;
		};
/* End PBXSourcesBuildPhase section */

/* Begin PBXVariantGroup section */
		944E9A3D1C62E42100F12998 /* Main.storyboard */ = {
			isa = PBXVariantGroup;
			children = (
				944E9A3E1C62E42100F12998 /* Base */,
			);
			name = Main.storyboard;
			sourceTree = "<group>";
		};
		944E9A421C62E42100F12998 /* LaunchScreen.storyboard */ = {
			isa = PBXVariantGroup;
			children = (
				944E9A431C62E42100F12998 /* Base */,
			);
			name = LaunchScreen.storyboard;
			sourceTree = "<group>";
		};
/* End PBXVariantGroup section */

/* Begin XCBuildConfiguration section */
		944E9A461C62E42100F12998 /* Debug */ = {
			isa = XCBuildConfiguration;
			buildSettings = {
				ALWAYS_SEARCH_USER_PATHS = NO;
				CLANG_CXX_LANGUAGE_STANDARD = "gnu++0x";
				CLANG_CXX_LIBRARY = "libc++";
				CLANG_ENABLE_MODULES = YES;
				CLANG_ENABLE_OBJC_ARC = YES;
				CLANG_WARN_BOOL_CONVERSION = YES;
				CLANG_WARN_CONSTANT_CONVERSION = YES;
				CLANG_WARN_DIRECT_OBJC_ISA_USAGE = YES_ERROR;
				CLANG_WARN_EMPTY_BODY = YES;
				CLANG_WARN_ENUM_CONVERSION = YES;
				CLANG_WARN_INFINITE_RECURSION = YES;
				CLANG_WARN_INT_CONVERSION = YES;
				CLANG_WARN_OBJC_ROOT_CLASS = YES_ERROR;
				CLANG_WARN_SUSPICIOUS_MOVE = YES;
				CLANG_WARN_UNREACHABLE_CODE = YES;
				CLANG_WARN__DUPLICATE_METHOD_MATCH = YES;
				"CODE_SIGN_IDENTITY[sdk=iphoneos*]" = "iPhone Developer";
				COPY_PHASE_STRIP = NO;
				DEBUG_INFORMATION_FORMAT = dwarf;
				ENABLE_STRICT_OBJC_MSGSEND = YES;
				ENABLE_TESTABILITY = YES;
				GCC_C_LANGUAGE_STANDARD = gnu99;
				GCC_DYNAMIC_NO_PIC = NO;
				GCC_NO_COMMON_BLOCKS = YES;
				GCC_OPTIMIZATION_LEVEL = 0;
				GCC_PREPROCESSOR_DEFINITIONS = (
					"DEBUG=1",
					"$(inherited)",
				);
				GCC_WARN_64_TO_32_BIT_CONVERSION = YES;
				GCC_WARN_ABOUT_RETURN_TYPE = YES_ERROR;
				GCC_WARN_UNDECLARED_SELECTOR = YES;
				GCC_WARN_UNINITIALIZED_AUTOS = YES_AGGRESSIVE;
				GCC_WARN_UNUSED_FUNCTION = YES;
				GCC_WARN_UNUSED_VARIABLE = YES;
				IPHONEOS_DEPLOYMENT_TARGET = 9.2;
				MTL_ENABLE_DEBUG_INFO = YES;
				ONLY_ACTIVE_ARCH = YES;
				SDKROOT = iphoneos;
				SWIFT_OPTIMIZATION_LEVEL = "-Onone";
				TARGETED_DEVICE_FAMILY = "1,2";
			};
			name = Debug;
		};
		944E9A471C62E42100F12998 /* Release */ = {
			isa = XCBuildConfiguration;
			buildSettings = {
				ALWAYS_SEARCH_USER_PATHS = NO;
				CLANG_CXX_LANGUAGE_STANDARD = "gnu++0x";
				CLANG_CXX_LIBRARY = "libc++";
				CLANG_ENABLE_MODULES = YES;
				CLANG_ENABLE_OBJC_ARC = YES;
				CLANG_WARN_BOOL_CONVERSION = YES;
				CLANG_WARN_CONSTANT_CONVERSION = YES;
				CLANG_WARN_DIRECT_OBJC_ISA_USAGE = YES_ERROR;
				CLANG_WARN_EMPTY_BODY = YES;
				CLANG_WARN_ENUM_CONVERSION = YES;
				CLANG_WARN_INFINITE_RECURSION = YES;
				CLANG_WARN_INT_CONVERSION = YES;
				CLANG_WARN_OBJC_ROOT_CLASS = YES_ERROR;
				CLANG_WARN_SUSPICIOUS_MOVE = YES;
				CLANG_WARN_UNREACHABLE_CODE = YES;
				CLANG_WARN__DUPLICATE_METHOD_MATCH = YES;
				"CODE_SIGN_IDENTITY[sdk=iphoneos*]" = "iPhone Developer";
				COPY_PHASE_STRIP = NO;
				DEBUG_INFORMATION_FORMAT = "dwarf-with-dsym";
				ENABLE_NS_ASSERTIONS = NO;
				ENABLE_STRICT_OBJC_MSGSEND = YES;
				GCC_C_LANGUAGE_STANDARD = gnu99;
				GCC_NO_COMMON_BLOCKS = YES;
				GCC_WARN_64_TO_32_BIT_CONVERSION = YES;
				GCC_WARN_ABOUT_RETURN_TYPE = YES_ERROR;
				GCC_WARN_UNDECLARED_SELECTOR = YES;
				GCC_WARN_UNINITIALIZED_AUTOS = YES_AGGRESSIVE;
				GCC_WARN_UNUSED_FUNCTION = YES;
				GCC_WARN_UNUSED_VARIABLE = YES;
				IPHONEOS_DEPLOYMENT_TARGET = 9.2;
				MTL_ENABLE_DEBUG_INFO = NO;
				SDKROOT = iphoneos;
				SWIFT_OPTIMIZATION_LEVEL = "-Owholemodule";
				TARGETED_DEVICE_FAMILY = "1,2";
				VALIDATE_PRODUCT = YES;
			};
			name = Release;
		};
		944E9A491C62E42100F12998 /* Debug */ = {
			isa = XCBuildConfiguration;
			buildSettings = {
				ASSETCATALOG_COMPILER_APPICON_NAME = AppIcon;
				INFOPLIST_FILE = MKHStoryboardHelpers/Info.plist;
				LD_RUNPATH_SEARCH_PATHS = "$(inherited) @executable_path/Frameworks";
				PRODUCT_BUNDLE_IDENTIFIER = khatskevich.maxim.MKHStoryboardHelpers;
				PRODUCT_NAME = "$(TARGET_NAME)";
				SWIFT_VERSION = 3.0;
			};
			name = Debug;
		};
		944E9A4A1C62E42100F12998 /* Release */ = {
			isa = XCBuildConfiguration;
			buildSettings = {
				ASSETCATALOG_COMPILER_APPICON_NAME = AppIcon;
				INFOPLIST_FILE = MKHStoryboardHelpers/Info.plist;
				LD_RUNPATH_SEARCH_PATHS = "$(inherited) @executable_path/Frameworks";
				PRODUCT_BUNDLE_IDENTIFIER = khatskevich.maxim.MKHStoryboardHelpers;
				PRODUCT_NAME = "$(TARGET_NAME)";
				SWIFT_VERSION = 3.0;
			};
			name = Release;
		};
/* End XCBuildConfiguration section */

/* Begin XCConfigurationList section */
		944E9A311C62E42100F12998 /* Build configuration list for PBXProject "MKHStoryboardHelpers" */ = {
			isa = XCConfigurationList;
			buildConfigurations = (
				944E9A461C62E42100F12998 /* Debug */,
				944E9A471C62E42100F12998 /* Release */,
			);
			defaultConfigurationIsVisible = 0;
			defaultConfigurationName = Release;
		};
		944E9A481C62E42100F12998 /* Build configuration list for PBXNativeTarget "MKHStoryboardHelpers" */ = {
			isa = XCConfigurationList;
			buildConfigurations = (
				944E9A491C62E42100F12998 /* Debug */,
				944E9A4A1C62E42100F12998 /* Release */,
			);
			defaultConfigurationIsVisible = 0;
			defaultConfigurationName = Release;
		};
/* End XCConfigurationList section */
	};
	rootObject = 944E9A2E1C62E42100F12998 /* Project object */;
}
